
Microsoft Visual Studio Solution File, Format Version 12.00
# Visual Studio 15
VisualStudioVersion = 15.0.28307.489
MinimumVisualStudioVersion = 10.0.40219.1
Project("{FAE04EC0-301F-11D3-BF4B-00C04F79EFBC}") = "HtmlBuilder", "HtmlBuilder\HtmlBuilder.csproj", "{F040B0FB-61B5-47BE-B1C0-A9879EEF371A}"
EndProject
Project("{FAE04EC0-301F-11D3-BF4B-00C04F79EFBC}") = "HtmlBuilder.Test", "HtmlBuilder.Test\HtmlBuilder.Test.csproj", "{C83E96AB-D5C7-4357-98C2-B84ADA542125}"
EndProject
Global
	GlobalSection(SolutionConfigurationPlatforms) = preSolution
		Debug|Any CPU = Debug|Any CPU
		Debug|x64 = Debug|x64
		Release|Any CPU = Release|Any CPU
		Release|x64 = Release|x64
	EndGlobalSection
	GlobalSection(ProjectConfigurationPlatforms) = postSolution
		{F040B0FB-61B5-47BE-B1C0-A9879EEF371A}.Debug|Any CPU.ActiveCfg = Debug|Any CPU
		{F040B0FB-61B5-47BE-B1C0-A9879EEF371A}.Debug|Any CPU.Build.0 = Debug|Any CPU
		{F040B0FB-61B5-47BE-B1C0-A9879EEF371A}.Debug|x64.ActiveCfg = Debug|x64
		{F040B0FB-61B5-47BE-B1C0-A9879EEF371A}.Debug|x64.Build.0 = Debug|x64
		{F040B0FB-61B5-47BE-B1C0-A9879EEF371A}.Release|Any CPU.ActiveCfg = Release|Any CPU
		{F040B0FB-61B5-47BE-B1C0-A9879EEF371A}.Release|Any CPU.Build.0 = Release|Any CPU
		{F040B0FB-61B5-47BE-B1C0-A9879EEF371A}.Release|x64.ActiveCfg = Release|x64
		{F040B0FB-61B5-47BE-B1C0-A9879EEF371A}.Release|x64.Build.0 = Release|x64
		{C83E96AB-D5C7-4357-98C2-B84ADA542125}.Debug|Any CPU.ActiveCfg = Debug|Any CPU
		{C83E96AB-D5C7-4357-98C2-B84ADA542125}.Debug|Any CPU.Build.0 = Debug|Any CPU
		{C83E96AB-D5C7-4357-98C2-B84ADA542125}.Debug|x64.ActiveCfg = Debug|x64
		{C83E96AB-D5C7-4357-98C2-B84ADA542125}.Debug|x64.Build.0 = Debug|x64
		{C83E96AB-D5C7-4357-98C2-B84ADA542125}.Release|Any CPU.ActiveCfg = Release|Any CPU
		{C83E96AB-D5C7-4357-98C2-B84ADA542125}.Release|Any CPU.Build.0 = Release|Any CPU
		{C83E96AB-D5C7-4357-98C2-B84ADA542125}.Release|x64.ActiveCfg = Release|Any CPU
		{C83E96AB-D5C7-4357-98C2-B84ADA542125}.Release|x64.Build.0 = Release|Any CPU
	EndGlobalSection
	GlobalSection(SolutionProperties) = preSolution
		HideSolutionNode = FALSE
	EndGlobalSection
	GlobalSection(ExtensibilityGlobals) = postSolution
		SolutionGuid = {E7203005-67DD-4134-85E3-926444EAC43A}
	EndGlobalSection
EndGlobal
